
Microsoft Visual Studio Solution File, Format Version 12.00
# Visual Studio Version 17
VisualStudioVersion = 17.9.34607.119
MinimumVisualStudioVersion = 10.0.40219.1
Project("{FAE04EC0-301F-11D3-BF4B-00C04F79EFBC}") = "SignalR-Bootcamp", "SignalR-Bootcamp\SignalR-Bootcamp.csproj", "{EF23CD84-89AB-46AF-8A9C-3483F8C0A0A8}"
EndProject
Global
	GlobalSection(SolutionConfigurationPlatforms) = preSolution
		Debug|Any CPU = Debug|Any CPU
		Release|Any CPU = Release|Any CPU
	EndGlobalSection
	GlobalSection(ProjectConfigurationPlatforms) = postSolution
		{EF23CD84-89AB-46AF-8A9C-3483F8C0A0A8}.Debug|Any CPU.ActiveCfg = Debug|Any CPU
		{EF23CD84-89AB-46AF-8A9C-3483F8C0A0A8}.Debug|Any CPU.Build.0 = Debug|Any CPU
		{EF23CD84-89AB-46AF-8A9C-3483F8C0A0A8}.Release|Any CPU.ActiveCfg = Release|Any CPU
		{EF23CD84-89AB-46AF-8A9C-3483F8C0A0A8}.Release|Any CPU.Build.0 = Release|Any CPU
	EndGlobalSection
	GlobalSection(SolutionProperties) = preSolution
		HideSolutionNode = FALSE
	EndGlobalSection
	GlobalSection(ExtensibilityGlobals) = postSolution
		SolutionGuid = {7D7D53AF-8785-4FFB-9484-0068E0BD38CA}
	EndGlobalSection
EndGlobal
